// !$*UTF8*$!
{
	archiveVersion = 1;
	classes = {
	};
	objectVersion = 51;
	objects = {

/* Begin PBXBuildFile section */
		80B9FC7EF0E9D251959B794E /* Pods_Yummie.framework in Frameworks */ = {isa = PBXBuildFile; fileRef = 30F87187F0AB4232AA61C36D /* Pods_Yummie.framework */; };
		F125DDDC292BDB58004111D5 /* UIView+Extension.swift in Sources */ = {isa = PBXBuildFile; fileRef = F125DDDB292BDB58004111D5 /* UIView+Extension.swift */; };
		F125DDDE292BDCCD004111D5 /* OnboardingSlide.swift in Sources */ = {isa = PBXBuildFile; fileRef = F125DDDD292BDCCD004111D5 /* OnboardingSlide.swift */; };
		F125DDE0292BE001004111D5 /* OnboardingCollectionViewCell.swift in Sources */ = {isa = PBXBuildFile; fileRef = F125DDDF292BE001004111D5 /* OnboardingCollectionViewCell.swift */; };
		F148E3B82936D93D00413208 /* CategoryCollectionViewCell.swift in Sources */ = {isa = PBXBuildFile; fileRef = F148E3B62936D93D00413208 /* CategoryCollectionViewCell.swift */; };
		F148E3B92936D93D00413208 /* CategoryCollectionViewCell.xib in Resources */ = {isa = PBXBuildFile; fileRef = F148E3B72936D93D00413208 /* CategoryCollectionViewCell.xib */; };
		F148E3BB2936E86E00413208 /* DishCategory.swift in Sources */ = {isa = PBXBuildFile; fileRef = F148E3BA2936E86E00413208 /* DishCategory.swift */; };
		F186BBF329249AE90017D0D4 /* AppDelegate.swift in Sources */ = {isa = PBXBuildFile; fileRef = F186BBF229249AE90017D0D4 /* AppDelegate.swift */; };
		F186BBF529249AE90017D0D4 /* SceneDelegate.swift in Sources */ = {isa = PBXBuildFile; fileRef = F186BBF429249AE90017D0D4 /* SceneDelegate.swift */; };
		F186BBFA29249AE90017D0D4 /* Main.storyboard in Resources */ = {isa = PBXBuildFile; fileRef = F186BBF829249AE90017D0D4 /* Main.storyboard */; };
		F186BBFC29249AEB0017D0D4 /* Assets.xcassets in Resources */ = {isa = PBXBuildFile; fileRef = F186BBFB29249AEB0017D0D4 /* Assets.xcassets */; };
		F186BBFF29249AEB0017D0D4 /* LaunchScreen.storyboard in Resources */ = {isa = PBXBuildFile; fileRef = F186BBFD29249AEB0017D0D4 /* LaunchScreen.storyboard */; };
		F18B4843292BD6630074CCCF /* OnBoardingViewController.swift in Sources */ = {isa = PBXBuildFile; fileRef = F18B4842292BD6630074CCCF /* OnBoardingViewController.swift */; };
		F19C32AA2936ED3A000761F8 /* String+Extension.swift in Sources */ = {isa = PBXBuildFile; fileRef = F19C32A92936ED3A000761F8 /* String+Extension.swift */; };
		F1D491102936D1A4006CCC7D /* HomeViewController.swift in Sources */ = {isa = PBXBuildFile; fileRef = F1D4910F2936D1A4006CCC7D /* HomeViewController.swift */; };
/* End PBXBuildFile section */

/* Begin PBXFileReference section */
		30F87187F0AB4232AA61C36D /* Pods_Yummie.framework */ = {isa = PBXFileReference; explicitFileType = wrapper.framework; includeInIndex = 0; path = Pods_Yummie.framework; sourceTree = BUILT_PRODUCTS_DIR; };
		31B15D22022FB79C16EE0917 /* Pods-Yummie.release.xcconfig */ = {isa = PBXFileReference; includeInIndex = 1; lastKnownFileType = text.xcconfig; name = "Pods-Yummie.release.xcconfig"; path = "Target Support Files/Pods-Yummie/Pods-Yummie.release.xcconfig"; sourceTree = "<group>"; };
		6F5084B2307C2DF87B8B5F04 /* Pods-Yummie.debug.xcconfig */ = {isa = PBXFileReference; includeInIndex = 1; lastKnownFileType = text.xcconfig; name = "Pods-Yummie.debug.xcconfig"; path = "Target Support Files/Pods-Yummie/Pods-Yummie.debug.xcconfig"; sourceTree = "<group>"; };
		F125DDDB292BDB58004111D5 /* UIView+Extension.swift */ = {isa = PBXFileReference; lastKnownFileType = sourcecode.swift; path = "UIView+Extension.swift"; sourceTree = "<group>"; };
		F125DDDD292BDCCD004111D5 /* OnboardingSlide.swift */ = {isa = PBXFileReference; lastKnownFileType = sourcecode.swift; path = OnboardingSlide.swift; sourceTree = "<group>"; };
		F125DDDF292BE001004111D5 /* OnboardingCollectionViewCell.swift */ = {isa = PBXFileReference; lastKnownFileType = sourcecode.swift; path = OnboardingCollectionViewCell.swift; sourceTree = "<group>"; };
		F148E3B62936D93D00413208 /* CategoryCollectionViewCell.swift */ = {isa = PBXFileReference; lastKnownFileType = sourcecode.swift; path = CategoryCollectionViewCell.swift; sourceTree = "<group>"; };
		F148E3B72936D93D00413208 /* CategoryCollectionViewCell.xib */ = {isa = PBXFileReference; lastKnownFileType = file.xib; path = CategoryCollectionViewCell.xib; sourceTree = "<group>"; };
		F148E3BA2936E86E00413208 /* DishCategory.swift */ = {isa = PBXFileReference; lastKnownFileType = sourcecode.swift; path = DishCategory.swift; sourceTree = "<group>"; };
		F186BBEF29249AE90017D0D4 /* Yummie.app */ = {isa = PBXFileReference; explicitFileType = wrapper.application; includeInIndex = 0; path = Yummie.app; sourceTree = BUILT_PRODUCTS_DIR; };
		F186BBF229249AE90017D0D4 /* AppDelegate.swift */ = {isa = PBXFileReference; lastKnownFileType = sourcecode.swift; path = AppDelegate.swift; sourceTree = "<group>"; };
		F186BBF429249AE90017D0D4 /* SceneDelegate.swift */ = {isa = PBXFileReference; lastKnownFileType = sourcecode.swift; path = SceneDelegate.swift; sourceTree = "<group>"; };
		F186BBF929249AE90017D0D4 /* Base */ = {isa = PBXFileReference; lastKnownFileType = file.storyboard; name = Base; path = Base.lproj/Main.storyboard; sourceTree = "<group>"; };
		F186BBFB29249AEB0017D0D4 /* Assets.xcassets */ = {isa = PBXFileReference; lastKnownFileType = folder.assetcatalog; path = Assets.xcassets; sourceTree = "<group>"; };
		F186BBFE29249AEB0017D0D4 /* Base */ = {isa = PBXFileReference; lastKnownFileType = file.storyboard; name = Base; path = Base.lproj/LaunchScreen.storyboard; sourceTree = "<group>"; };
		F186BC0029249AEB0017D0D4 /* Info.plist */ = {isa = PBXFileReference; lastKnownFileType = text.plist.xml; path = Info.plist; sourceTree = "<group>"; };
		F18B4842292BD6630074CCCF /* OnBoardingViewController.swift */ = {isa = PBXFileReference; lastKnownFileType = sourcecode.swift; path = OnBoardingViewController.swift; sourceTree = "<group>"; };
		F19C32A92936ED3A000761F8 /* String+Extension.swift */ = {isa = PBXFileReference; lastKnownFileType = sourcecode.swift; path = "String+Extension.swift"; sourceTree = "<group>"; };
		F1D4910F2936D1A4006CCC7D /* HomeViewController.swift */ = {isa = PBXFileReference; lastKnownFileType = sourcecode.swift; path = HomeViewController.swift; sourceTree = "<group>"; };
/* End PBXFileReference section */

/* Begin PBXFrameworksBuildPhase section */
		F186BBEC29249AE90017D0D4 /* Frameworks */ = {
			isa = PBXFrameworksBuildPhase;
			buildActionMask = 2147483647;
			files = (
				80B9FC7EF0E9D251959B794E /* Pods_Yummie.framework in Frameworks */,
			);
			runOnlyForDeploymentPostprocessing = 0;
		};
/* End PBXFrameworksBuildPhase section */

/* Begin PBXGroup section */
		1CB78D207250B7C4ABB73C84 /* Pods */ = {
			isa = PBXGroup;
			children = (
				6F5084B2307C2DF87B8B5F04 /* Pods-Yummie.debug.xcconfig */,
				31B15D22022FB79C16EE0917 /* Pods-Yummie.release.xcconfig */,
			);
			path = Pods;
			sourceTree = "<group>";
		};
		1ED393660E3971262689BA70 /* Frameworks */ = {
			isa = PBXGroup;
			children = (
				30F87187F0AB4232AA61C36D /* Pods_Yummie.framework */,
			);
			name = Frameworks;
			sourceTree = "<group>";
		};
		F125DDDA292BDB20004111D5 /* Extensions */ = {
			isa = PBXGroup;
			children = (
				F125DDDB292BDB58004111D5 /* UIView+Extension.swift */,
				F19C32A92936ED3A000761F8 /* String+Extension.swift */,
			);
			path = Extensions;
			sourceTree = "<group>";
		};
		F148E3B42936D81B00413208 /* CollectionViewCells */ = {
			isa = PBXGroup;
			children = (
				F148E3B52936D83E00413208 /* CategoryCollectViewCell */,
			);
			path = CollectionViewCells;
			sourceTree = "<group>";
		};
		F148E3B52936D83E00413208 /* CategoryCollectViewCell */ = {
			isa = PBXGroup;
			children = (
				F148E3B62936D93D00413208 /* CategoryCollectionViewCell.swift */,
				F148E3B72936D93D00413208 /* CategoryCollectionViewCell.xib */,
			);
			path = CategoryCollectViewCell;
			sourceTree = "<group>";
		};
		F186BBE629249AE90017D0D4 = {
			isa = PBXGroup;
			children = (
				F186BBF129249AE90017D0D4 /* Yummie */,
				F186BBF029249AE90017D0D4 /* Products */,
				1CB78D207250B7C4ABB73C84 /* Pods */,
				1ED393660E3971262689BA70 /* Frameworks */,
			);
			sourceTree = "<group>";
		};
		F186BBF029249AE90017D0D4 /* Products */ = {
			isa = PBXGroup;
			children = (
				F186BBEF29249AE90017D0D4 /* Yummie.app */,
			);
			name = Products;
			sourceTree = "<group>";
		};
		F186BBF129249AE90017D0D4 /* Yummie */ = {
			isa = PBXGroup;
			children = (
				F125DDDA292BDB20004111D5 /* Extensions */,
				F18B4840292BD5F60074CCCF /* CustomViews */,
				F18B483F292BD5EF0074CCCF /* Views */,
				F18B483E292BD5C60074CCCF /* Models */,
				F186BBF229249AE90017D0D4 /* AppDelegate.swift */,
				F186BBF429249AE90017D0D4 /* SceneDelegate.swift */,
				F186BBF829249AE90017D0D4 /* Main.storyboard */,
				F186BBFB29249AEB0017D0D4 /* Assets.xcassets */,
				F186BBFD29249AEB0017D0D4 /* LaunchScreen.storyboard */,
				F186BC0029249AEB0017D0D4 /* Info.plist */,
			);
			path = Yummie;
			sourceTree = "<group>";
		};
		F18B483E292BD5C60074CCCF /* Models */ = {
			isa = PBXGroup;
			children = (
				F125DDDD292BDCCD004111D5 /* OnboardingSlide.swift */,
				F148E3BA2936E86E00413208 /* DishCategory.swift */,
			);
			path = Models;
			sourceTree = "<group>";
		};
		F18B483F292BD5EF0074CCCF /* Views */ = {
			isa = PBXGroup;
			children = (
				F1D4910E2936D183006CCC7D /* Home */,
				F18B4841292BD6440074CCCF /* Onboarding */,
			);
			path = Views;
			sourceTree = "<group>";
		};
		F18B4840292BD5F60074CCCF /* CustomViews */ = {
			isa = PBXGroup;
			children = (
				F148E3B42936D81B00413208 /* CollectionViewCells */,
			);
			path = CustomViews;
			sourceTree = "<group>";
		};
		F18B4841292BD6440074CCCF /* Onboarding */ = {
			isa = PBXGroup;
			children = (
				F18B4842292BD6630074CCCF /* OnBoardingViewController.swift */,
				F125DDDF292BE001004111D5 /* OnboardingCollectionViewCell.swift */,
			);
			path = Onboarding;
			sourceTree = "<group>";
		};
		F1D4910E2936D183006CCC7D /* Home */ = {
			isa = PBXGroup;
			children = (
				F1D4910F2936D1A4006CCC7D /* HomeViewController.swift */,
			);
			path = Home;
			sourceTree = "<group>";
		};
/* End PBXGroup section */

/* Begin PBXNativeTarget section */
		F186BBEE29249AE90017D0D4 /* Yummie */ = {
			isa = PBXNativeTarget;
			buildConfigurationList = F186BC0329249AEB0017D0D4 /* Build configuration list for PBXNativeTarget "Yummie" */;
			buildPhases = (
				7FE6EEA8491C0A060C64C9D6 /* [CP] Check Pods Manifest.lock */,
				F186BBEB29249AE90017D0D4 /* Sources */,
				F186BBEC29249AE90017D0D4 /* Frameworks */,
				F186BBED29249AE90017D0D4 /* Resources */,
				EAD3001B6289BC91CEBA11E5 /* [CP] Embed Pods Frameworks */,
			);
			buildRules = (
			);
			dependencies = (
			);
			name = Yummie;
			productName = Yummie;
			productReference = F186BBEF29249AE90017D0D4 /* Yummie.app */;
			productType = "com.apple.product-type.application";
		};
/* End PBXNativeTarget section */

/* Begin PBXProject section */
		F186BBE729249AE90017D0D4 /* Project object */ = {
			isa = PBXProject;
			attributes = {
				LastSwiftUpdateCheck = 1250;
				LastUpgradeCheck = 1250;
				TargetAttributes = {
					F186BBEE29249AE90017D0D4 = {
						CreatedOnToolsVersion = 12.5;
					};
				};
			};
			buildConfigurationList = F186BBEA29249AE90017D0D4 /* Build configuration list for PBXProject "Yummie" */;
			compatibilityVersion = "Xcode 9.3";
			developmentRegion = en;
			hasScannedForEncodings = 0;
			knownRegions = (
				en,
				Base,
			);
			mainGroup = F186BBE629249AE90017D0D4;
			productRefGroup = F186BBF029249AE90017D0D4 /* Products */;
			projectDirPath = "";
			projectRoot = "";
			targets = (
				F186BBEE29249AE90017D0D4 /* Yummie */,
			);
		};
/* End PBXProject section */

/* Begin PBXResourcesBuildPhase section */
		F186BBED29249AE90017D0D4 /* Resources */ = {
			isa = PBXResourcesBuildPhase;
			buildActionMask = 2147483647;
			files = (
				F148E3B92936D93D00413208 /* CategoryCollectionViewCell.xib in Resources */,
				F186BBFF29249AEB0017D0D4 /* LaunchScreen.storyboard in Resources */,
				F186BBFC29249AEB0017D0D4 /* Assets.xcassets in Resources */,
				F186BBFA29249AE90017D0D4 /* Main.storyboard in Resources */,
			);
			runOnlyForDeploymentPostprocessing = 0;
		};
/* End PBXResourcesBuildPhase section */

/* Begin PBXShellScriptBuildPhase section */
		7FE6EEA8491C0A060C64C9D6 /* [CP] Check Pods Manifest.lock */ = {
			isa = PBXShellScriptBuildPhase;
			buildActionMask = 2147483647;
			files = (
			);
			inputFileListPaths = (
			);
			inputPaths = (
				"${PODS_PODFILE_DIR_PATH}/Podfile.lock",
				"${PODS_ROOT}/Manifest.lock",
			);
			name = "[CP] Check Pods Manifest.lock";
			outputFileListPaths = (
			);
			outputPaths = (
				"$(DERIVED_FILE_DIR)/Pods-Yummie-checkManifestLockResult.txt",
			);
			runOnlyForDeploymentPostprocessing = 0;
			shellPath = /bin/sh;
			shellScript = "diff \"${PODS_PODFILE_DIR_PATH}/Podfile.lock\" \"${PODS_ROOT}/Manifest.lock\" > /dev/null\nif [ $? != 0 ] ; then\n    # print error to STDERR\n    echo \"error: The sandbox is not in sync with the Podfile.lock. Run 'pod install' or update your CocoaPods installation.\" >&2\n    exit 1\nfi\n# This output is used by Xcode 'outputs' to avoid re-running this script phase.\necho \"SUCCESS\" > \"${SCRIPT_OUTPUT_FILE_0}\"\n";
			showEnvVarsInLog = 0;
		};
		EAD3001B6289BC91CEBA11E5 /* [CP] Embed Pods Frameworks */ = {
			isa = PBXShellScriptBuildPhase;
			buildActionMask = 2147483647;
			files = (
			);
			inputFileListPaths = (
				"${PODS_ROOT}/Target Support Files/Pods-Yummie/Pods-Yummie-frameworks-${CONFIGURATION}-input-files.xcfilelist",
			);
			name = "[CP] Embed Pods Frameworks";
			outputFileListPaths = (
				"${PODS_ROOT}/Target Support Files/Pods-Yummie/Pods-Yummie-frameworks-${CONFIGURATION}-output-files.xcfilelist",
			);
			runOnlyForDeploymentPostprocessing = 0;
			shellPath = /bin/sh;
			shellScript = "\"${PODS_ROOT}/Target Support Files/Pods-Yummie/Pods-Yummie-frameworks.sh\"\n";
			showEnvVarsInLog = 0;
		};
/* End PBXShellScriptBuildPhase section */

/* Begin PBXSourcesBuildPhase section */
		F186BBEB29249AE90017D0D4 /* Sources */ = {
			isa = PBXSourcesBuildPhase;
			buildActionMask = 2147483647;
			files = (
				F148E3B82936D93D00413208 /* CategoryCollectionViewCell.swift in Sources */,
				F125DDDE292BDCCD004111D5 /* OnboardingSlide.swift in Sources */,
				F186BBF329249AE90017D0D4 /* AppDelegate.swift in Sources */,
				F186BBF529249AE90017D0D4 /* SceneDelegate.swift in Sources */,
				F125DDDC292BDB58004111D5 /* UIView+Extension.swift in Sources */,
				F18B4843292BD6630074CCCF /* OnBoardingViewController.swift in Sources */,
				F1D491102936D1A4006CCC7D /* HomeViewController.swift in Sources */,
				F148E3BB2936E86E00413208 /* DishCategory.swift in Sources */,
				F19C32AA2936ED3A000761F8 /* String+Extension.swift in Sources */,
				F125DDE0292BE001004111D5 /* OnboardingCollectionViewCell.swift in Sources */,
			);
			runOnlyForDeploymentPostprocessing = 0;
		};
/* End PBXSourcesBuildPhase section */

/* Begin PBXVariantGroup section */
		F186BBF829249AE90017D0D4 /* Main.storyboard */ = {
			isa = PBXVariantGroup;
			children = (
				F186BBF929249AE90017D0D4 /* Base */,
			);
			name = Main.storyboard;
			sourceTree = "<group>";
		};
		F186BBFD29249AEB0017D0D4 /* LaunchScreen.storyboard */ = {
			isa = PBXVariantGroup;
			children = (
				F186BBFE29249AEB0017D0D4 /* Base */,
			);
			name = LaunchScreen.storyboard;
			sourceTree = "<group>";
		};
/* End PBXVariantGroup section */

/* Begin XCBuildConfiguration section */
		F186BC0129249AEB0017D0D4 /* Debug */ = {
			isa = XCBuildConfiguration;
			buildSettings = {
				ALWAYS_SEARCH_USER_PATHS = NO;
				CLANG_ANALYZER_NONNULL = YES;
				CLANG_ANALYZER_NUMBER_OBJECT_CONVERSION = YES_AGGRESSIVE;
				CLANG_CXX_LANGUAGE_STANDARD = "gnu++14";
				CLANG_CXX_LIBRARY = "libc++";
				CLANG_ENABLE_MODULES = YES;
				CLANG_ENABLE_OBJC_ARC = YES;
				CLANG_ENABLE_OBJC_WEAK = YES;
				CLANG_WARN_BLOCK_CAPTURE_AUTORELEASING = YES;
				CLANG_WARN_BOOL_CONVERSION = YES;
				CLANG_WARN_COMMA = YES;
				CLANG_WARN_CONSTANT_CONVERSION = YES;
				CLANG_WARN_DEPRECATED_OBJC_IMPLEMENTATIONS = YES;
				CLANG_WARN_DIRECT_OBJC_ISA_USAGE = YES_ERROR;
				CLANG_WARN_DOCUMENTATION_COMMENTS = YES;
				CLANG_WARN_EMPTY_BODY = YES;
				CLANG_WARN_ENUM_CONVERSION = YES;
				CLANG_WARN_INFINITE_RECURSION = YES;
				CLANG_WARN_INT_CONVERSION = YES;
				CLANG_WARN_NON_LITERAL_NULL_CONVERSION = YES;
				CLANG_WARN_OBJC_IMPLICIT_RETAIN_SELF = YES;
				CLANG_WARN_OBJC_LITERAL_CONVERSION = YES;
				CLANG_WARN_OBJC_ROOT_CLASS = YES_ERROR;
				CLANG_WARN_QUOTED_INCLUDE_IN_FRAMEWORK_HEADER = YES;
				CLANG_WARN_RANGE_LOOP_ANALYSIS = YES;
				CLANG_WARN_STRICT_PROTOTYPES = YES;
				CLANG_WARN_SUSPICIOUS_MOVE = YES;
				CLANG_WARN_UNGUARDED_AVAILABILITY = YES_AGGRESSIVE;
				CLANG_WARN_UNREACHABLE_CODE = YES;
				CLANG_WARN__DUPLICATE_METHOD_MATCH = YES;
				COPY_PHASE_STRIP = NO;
				DEBUG_INFORMATION_FORMAT = dwarf;
				ENABLE_STRICT_OBJC_MSGSEND = YES;
				ENABLE_TESTABILITY = YES;
				GCC_C_LANGUAGE_STANDARD = gnu11;
				GCC_DYNAMIC_NO_PIC = NO;
				GCC_NO_COMMON_BLOCKS = YES;
				GCC_OPTIMIZATION_LEVEL = 0;
				GCC_PREPROCESSOR_DEFINITIONS = (
					"DEBUG=1",
					"$(inherited)",
				);
				GCC_WARN_64_TO_32_BIT_CONVERSION = YES;
				GCC_WARN_ABOUT_RETURN_TYPE = YES_ERROR;
				GCC_WARN_UNDECLARED_SELECTOR = YES;
				GCC_WARN_UNINITIALIZED_AUTOS = YES_AGGRESSIVE;
				GCC_WARN_UNUSED_FUNCTION = YES;
				GCC_WARN_UNUSED_VARIABLE = YES;
				IPHONEOS_DEPLOYMENT_TARGET = 14.5;
				MTL_ENABLE_DEBUG_INFO = INCLUDE_SOURCE;
				MTL_FAST_MATH = YES;
				ONLY_ACTIVE_ARCH = YES;
				SDKROOT = iphoneos;
				SWIFT_ACTIVE_COMPILATION_CONDITIONS = DEBUG;
				SWIFT_OPTIMIZATION_LEVEL = "-Onone";
			};
			name = Debug;
		};
		F186BC0229249AEB0017D0D4 /* Release */ = {
			isa = XCBuildConfiguration;
			buildSettings = {
				ALWAYS_SEARCH_USER_PATHS = NO;
				CLANG_ANALYZER_NONNULL = YES;
				CLANG_ANALYZER_NUMBER_OBJECT_CONVERSION = YES_AGGRESSIVE;
				CLANG_CXX_LANGUAGE_STANDARD = "gnu++14";
				CLANG_CXX_LIBRARY = "libc++";
				CLANG_ENABLE_MODULES = YES;
				CLANG_ENABLE_OBJC_ARC = YES;
				CLANG_ENABLE_OBJC_WEAK = YES;
				CLANG_WARN_BLOCK_CAPTURE_AUTORELEASING = YES;
				CLANG_WARN_BOOL_CONVERSION = YES;
				CLANG_WARN_COMMA = YES;
				CLANG_WARN_CONSTANT_CONVERSION = YES;
				CLANG_WARN_DEPRECATED_OBJC_IMPLEMENTATIONS = YES;
				CLANG_WARN_DIRECT_OBJC_ISA_USAGE = YES_ERROR;
				CLANG_WARN_DOCUMENTATION_COMMENTS = YES;
				CLANG_WARN_EMPTY_BODY = YES;
				CLANG_WARN_ENUM_CONVERSION = YES;
				CLANG_WARN_INFINITE_RECURSION = YES;
				CLANG_WARN_INT_CONVERSION = YES;
				CLANG_WARN_NON_LITERAL_NULL_CONVERSION = YES;
				CLANG_WARN_OBJC_IMPLICIT_RETAIN_SELF = YES;
				CLANG_WARN_OBJC_LITERAL_CONVERSION = YES;
				CLANG_WARN_OBJC_ROOT_CLASS = YES_ERROR;
				CLANG_WARN_QUOTED_INCLUDE_IN_FRAMEWORK_HEADER = YES;
				CLANG_WARN_RANGE_LOOP_ANALYSIS = YES;
				CLANG_WARN_STRICT_PROTOTYPES = YES;
				CLANG_WARN_SUSPICIOUS_MOVE = YES;
				CLANG_WARN_UNGUARDED_AVAILABILITY = YES_AGGRESSIVE;
				CLANG_WARN_UNREACHABLE_CODE = YES;
				CLANG_WARN__DUPLICATE_METHOD_MATCH = YES;
				COPY_PHASE_STRIP = NO;
				DEBUG_INFORMATION_FORMAT = "dwarf-with-dsym";
				ENABLE_NS_ASSERTIONS = NO;
				ENABLE_STRICT_OBJC_MSGSEND = YES;
				GCC_C_LANGUAGE_STANDARD = gnu11;
				GCC_NO_COMMON_BLOCKS = YES;
				GCC_WARN_64_TO_32_BIT_CONVERSION = YES;
				GCC_WARN_ABOUT_RETURN_TYPE = YES_ERROR;
				GCC_WARN_UNDECLARED_SELECTOR = YES;
				GCC_WARN_UNINITIALIZED_AUTOS = YES_AGGRESSIVE;
				GCC_WARN_UNUSED_FUNCTION = YES;
				GCC_WARN_UNUSED_VARIABLE = YES;
				IPHONEOS_DEPLOYMENT_TARGET = 14.5;
				MTL_ENABLE_DEBUG_INFO = NO;
				MTL_FAST_MATH = YES;
				SDKROOT = iphoneos;
				SWIFT_COMPILATION_MODE = wholemodule;
				SWIFT_OPTIMIZATION_LEVEL = "-O";
				VALIDATE_PRODUCT = YES;
			};
			name = Release;
		};
		F186BC0429249AEB0017D0D4 /* Debug */ = {
			isa = XCBuildConfiguration;
			baseConfigurationReference = 6F5084B2307C2DF87B8B5F04 /* Pods-Yummie.debug.xcconfig */;
			buildSettings = {
				ASSETCATALOG_COMPILER_APPICON_NAME = AppIcon;
				ASSETCATALOG_COMPILER_GLOBAL_ACCENT_COLOR_NAME = AccentColor;
				CODE_SIGN_STYLE = Automatic;
				DEVELOPMENT_TEAM = JVB6FMF34P;
				INFOPLIST_FILE = Yummie/Info.plist;
				LD_RUNPATH_SEARCH_PATHS = (
					"$(inherited)",
					"@executable_path/Frameworks",
				);
				PRODUCT_BUNDLE_IDENTIFIER = com.project.Yummie;
				PRODUCT_NAME = "$(TARGET_NAME)";
				SWIFT_VERSION = 5.0;
				TARGETED_DEVICE_FAMILY = "1,2";
			};
			name = Debug;
		};
		F186BC0529249AEB0017D0D4 /* Release */ = {
			isa = XCBuildConfiguration;
			baseConfigurationReference = 31B15D22022FB79C16EE0917 /* Pods-Yummie.release.xcconfig */;
			buildSettings = {
				ASSETCATALOG_COMPILER_APPICON_NAME = AppIcon;
				ASSETCATALOG_COMPILER_GLOBAL_ACCENT_COLOR_NAME = AccentColor;
				CODE_SIGN_STYLE = Automatic;
				DEVELOPMENT_TEAM = JVB6FMF34P;
				INFOPLIST_FILE = Yummie/Info.plist;
				LD_RUNPATH_SEARCH_PATHS = (
					"$(inherited)",
					"@executable_path/Frameworks",
				);
				PRODUCT_BUNDLE_IDENTIFIER = com.project.Yummie;
				PRODUCT_NAME = "$(TARGET_NAME)";
				SWIFT_VERSION = 5.0;
				TARGETED_DEVICE_FAMILY = "1,2";
			};
			name = Release;
		};
/* End XCBuildConfiguration section */

/* Begin XCConfigurationList section */
		F186BBEA29249AE90017D0D4 /* Build configuration list for PBXProject "Yummie" */ = {
			isa = XCConfigurationList;
			buildConfigurations = (
				F186BC0129249AEB0017D0D4 /* Debug */,
				F186BC0229249AEB0017D0D4 /* Release */,
			);
			defaultConfigurationIsVisible = 0;
			defaultConfigurationName = Release;
		};
		F186BC0329249AEB0017D0D4 /* Build configuration list for PBXNativeTarget "Yummie" */ = {
			isa = XCConfigurationList;
			buildConfigurations = (
				F186BC0429249AEB0017D0D4 /* Debug */,
				F186BC0529249AEB0017D0D4 /* Release */,
			);
			defaultConfigurationIsVisible = 0;
			defaultConfigurationName = Release;
		};
/* End XCConfigurationList section */
	};
	rootObject = F186BBE729249AE90017D0D4 /* Project object */;
}
